// !$*UTF8*$!
{
	archiveVersion = 1;
	classes = {
	};
	objectVersion = 55;
	objects = {

/* Begin PBXBuildFile section */
		7DF7597F28B4DBD600D2350B /* ChessStreamersSwiftUIApp.swift in Sources */ = {isa = PBXBuildFile; fileRef = 7DF7597E28B4DBD600D2350B /* ChessStreamersSwiftUIApp.swift */; };
		7DF7598128B4DBD600D2350B /* MainView.swift in Sources */ = {isa = PBXBuildFile; fileRef = 7DF7598028B4DBD600D2350B /* MainView.swift */; };
		7DF7598328B4DBD900D2350B /* Assets.xcassets in Resources */ = {isa = PBXBuildFile; fileRef = 7DF7598228B4DBD900D2350B /* Assets.xcassets */; };
		7DF7598628B4DBD900D2350B /* Preview Assets.xcassets in Resources */ = {isa = PBXBuildFile; fileRef = 7DF7598528B4DBD900D2350B /* Preview Assets.xcassets */; };
		7DF7598E28B4DC5300D2350B /* GeneralError.swift in Sources */ = {isa = PBXBuildFile; fileRef = 7DF7598D28B4DC5300D2350B /* GeneralError.swift */; };
		7DF7599328B4DCE300D2350B /* StreamersAPIService.swift in Sources */ = {isa = PBXBuildFile; fileRef = 7DF7599228B4DCE300D2350B /* StreamersAPIService.swift */; };
		7DF7599528B4DCFF00D2350B /* Streamer.swift in Sources */ = {isa = PBXBuildFile; fileRef = 7DF7599428B4DCFF00D2350B /* Streamer.swift */; };
		7DF7599828B4DD4800D2350B /* Properties.swift in Sources */ = {isa = PBXBuildFile; fileRef = 7DF7599728B4DD4800D2350B /* Properties.swift */; };
		7DF7599A28B4DDF100D2350B /* MainViewModel.swift in Sources */ = {isa = PBXBuildFile; fileRef = 7DF7599928B4DDF100D2350B /* MainViewModel.swift */; };
		7DF7599C28B4E4EE00D2350B /* Device.swift in Sources */ = {isa = PBXBuildFile; fileRef = 7DF7599B28B4E4EE00D2350B /* Device.swift */; };
		7DF7599E28B4E9D000D2350B /* DetailView.swift in Sources */ = {isa = PBXBuildFile; fileRef = 7DF7599D28B4E9D000D2350B /* DetailView.swift */; };
		7DF759A328C13F9900D2350B /* ChessStreamersSwiftUI.xcdatamodeld in Sources */ = {isa = PBXBuildFile; fileRef = 7DF759A128C13F9900D2350B /* ChessStreamersSwiftUI.xcdatamodeld */; };
		7DF759A528C1416900D2350B /* DataController.swift in Sources */ = {isa = PBXBuildFile; fileRef = 7DF759A428C1416900D2350B /* DataController.swift */; };
/* End PBXBuildFile section */

/* Begin PBXFileReference section */
		7DF7597B28B4DBD600D2350B /* ChessStreamersSwiftUI.app */ = {isa = PBXFileReference; explicitFileType = wrapper.application; includeInIndex = 0; path = ChessStreamersSwiftUI.app; sourceTree = BUILT_PRODUCTS_DIR; };
		7DF7597E28B4DBD600D2350B /* ChessStreamersSwiftUIApp.swift */ = {isa = PBXFileReference; lastKnownFileType = sourcecode.swift; path = ChessStreamersSwiftUIApp.swift; sourceTree = "<group>"; };
		7DF7598028B4DBD600D2350B /* MainView.swift */ = {isa = PBXFileReference; lastKnownFileType = sourcecode.swift; path = MainView.swift; sourceTree = "<group>"; };
		7DF7598228B4DBD900D2350B /* Assets.xcassets */ = {isa = PBXFileReference; lastKnownFileType = folder.assetcatalog; path = Assets.xcassets; sourceTree = "<group>"; };
		7DF7598528B4DBD900D2350B /* Preview Assets.xcassets */ = {isa = PBXFileReference; lastKnownFileType = folder.assetcatalog; path = "Preview Assets.xcassets"; sourceTree = "<group>"; };
		7DF7598D28B4DC5300D2350B /* GeneralError.swift */ = {isa = PBXFileReference; lastKnownFileType = sourcecode.swift; path = GeneralError.swift; sourceTree = "<group>"; };
		7DF7599228B4DCE300D2350B /* StreamersAPIService.swift */ = {isa = PBXFileReference; lastKnownFileType = sourcecode.swift; path = StreamersAPIService.swift; sourceTree = "<group>"; };
		7DF7599428B4DCFF00D2350B /* Streamer.swift */ = {isa = PBXFileReference; lastKnownFileType = sourcecode.swift; path = Streamer.swift; sourceTree = "<group>"; };
		7DF7599728B4DD4800D2350B /* Properties.swift */ = {isa = PBXFileReference; lastKnownFileType = sourcecode.swift; path = Properties.swift; sourceTree = "<group>"; };
		7DF7599928B4DDF100D2350B /* MainViewModel.swift */ = {isa = PBXFileReference; lastKnownFileType = sourcecode.swift; path = MainViewModel.swift; sourceTree = "<group>"; };
		7DF7599B28B4E4EE00D2350B /* Device.swift */ = {isa = PBXFileReference; lastKnownFileType = sourcecode.swift; path = Device.swift; sourceTree = "<group>"; };
		7DF7599D28B4E9D000D2350B /* DetailView.swift */ = {isa = PBXFileReference; lastKnownFileType = sourcecode.swift; path = DetailView.swift; sourceTree = "<group>"; };
		7DF759A228C13F9900D2350B /* Streamer.xcdatamodel */ = {isa = PBXFileReference; lastKnownFileType = wrapper.xcdatamodel; path = Streamer.xcdatamodel; sourceTree = "<group>"; };
		7DF759A428C1416900D2350B /* DataController.swift */ = {isa = PBXFileReference; lastKnownFileType = sourcecode.swift; path = DataController.swift; sourceTree = "<group>"; };
/* End PBXFileReference section */

/* Begin PBXFrameworksBuildPhase section */
		7DF7597828B4DBD600D2350B /* Frameworks */ = {
			isa = PBXFrameworksBuildPhase;
			buildActionMask = 2147483647;
			files = (
			);
			runOnlyForDeploymentPostprocessing = 0;
		};
/* End PBXFrameworksBuildPhase section */

/* Begin PBXGroup section */
		7DF7597228B4DBD600D2350B = {
			isa = PBXGroup;
			children = (
				7DF7597D28B4DBD600D2350B /* ChessStreamersSwiftUI */,
				7DF7597C28B4DBD600D2350B /* Products */,
			);
			sourceTree = "<group>";
		};
		7DF7597C28B4DBD600D2350B /* Products */ = {
			isa = PBXGroup;
			children = (
				7DF7597B28B4DBD600D2350B /* ChessStreamersSwiftUI.app */,
			);
			name = Products;
			sourceTree = "<group>";
		};
		7DF7597D28B4DBD600D2350B /* ChessStreamersSwiftUI */ = {
			isa = PBXGroup;
			children = (
				7DF7598F28B4DCB100D2350B /* Data */,
				7DF7597E28B4DBD600D2350B /* ChessStreamersSwiftUIApp.swift */,
				7DF7598028B4DBD600D2350B /* MainView.swift */,
				7DF7599928B4DDF100D2350B /* MainViewModel.swift */,
				7DF7599D28B4E9D000D2350B /* DetailView.swift */,
				7DF7598228B4DBD900D2350B /* Assets.xcassets */,
				7DF7598C28B4DC3700D2350B /* Errors */,
				7DF7599628B4DD3300D2350B /* Utilities */,
				7DF7598428B4DBD900D2350B /* Preview Content */,
				7DF759A128C13F9900D2350B /* ChessStreamersSwiftUI.xcdatamodeld */,
			);
			path = ChessStreamersSwiftUI;
			sourceTree = "<group>";
		};
		7DF7598428B4DBD900D2350B /* Preview Content */ = {
			isa = PBXGroup;
			children = (
				7DF7598528B4DBD900D2350B /* Preview Assets.xcassets */,
			);
			path = "Preview Content";
			sourceTree = "<group>";
		};
		7DF7598C28B4DC3700D2350B /* Errors */ = {
			isa = PBXGroup;
			children = (
				7DF7598D28B4DC5300D2350B /* GeneralError.swift */,
			);
			path = Errors;
			sourceTree = "<group>";
		};
		7DF7598F28B4DCB100D2350B /* Data */ = {
			isa = PBXGroup;
			children = (
				7DF7599128B4DCBD00D2350B /* Model */,
				7DF7599028B4DCB700D2350B /* Services */,
				7DF759A428C1416900D2350B /* DataController.swift */,
			);
			path = Data;
			sourceTree = "<group>";
		};
		7DF7599028B4DCB700D2350B /* Services */ = {
			isa = PBXGroup;
			children = (
				7DF7599228B4DCE300D2350B /* StreamersAPIService.swift */,
			);
			path = Services;
			sourceTree = "<group>";
		};
		7DF7599128B4DCBD00D2350B /* Model */ = {
			isa = PBXGroup;
			children = (
				7DF7599428B4DCFF00D2350B /* Streamer.swift */,
			);
			path = Model;
			sourceTree = "<group>";
		};
		7DF7599628B4DD3300D2350B /* Utilities */ = {
			isa = PBXGroup;
			children = (
				7DF7599728B4DD4800D2350B /* Properties.swift */,
				7DF7599B28B4E4EE00D2350B /* Device.swift */,
			);
			path = Utilities;
			sourceTree = "<group>";
		};
/* End PBXGroup section */

/* Begin PBXNativeTarget section */
		7DF7597A28B4DBD600D2350B /* ChessStreamersSwiftUI */ = {
			isa = PBXNativeTarget;
			buildConfigurationList = 7DF7598928B4DBD900D2350B /* Build configuration list for PBXNativeTarget "ChessStreamersSwiftUI" */;
			buildPhases = (
				7DF7597728B4DBD600D2350B /* Sources */,
				7DF7597828B4DBD600D2350B /* Frameworks */,
				7DF7597928B4DBD600D2350B /* Resources */,
			);
			buildRules = (
			);
			dependencies = (
			);
			name = ChessStreamersSwiftUI;
			productName = ChessStreamersSwiftUI;
			productReference = 7DF7597B28B4DBD600D2350B /* ChessStreamersSwiftUI.app */;
			productType = "com.apple.product-type.application";
		};
/* End PBXNativeTarget section */

/* Begin PBXProject section */
		7DF7597328B4DBD600D2350B /* Project object */ = {
			isa = PBXProject;
			attributes = {
				BuildIndependentTargetsInParallel = 1;
				LastSwiftUpdateCheck = 1330;
				LastUpgradeCheck = 1330;
				TargetAttributes = {
					7DF7597A28B4DBD600D2350B = {
						CreatedOnToolsVersion = 13.3.1;
					};
				};
			};
			buildConfigurationList = 7DF7597628B4DBD600D2350B /* Build configuration list for PBXProject "ChessStreamersSwiftUI" */;
			compatibilityVersion = "Xcode 13.0";
			developmentRegion = en;
			hasScannedForEncodings = 0;
			knownRegions = (
				en,
				Base,
			);
			mainGroup = 7DF7597228B4DBD600D2350B;
			productRefGroup = 7DF7597C28B4DBD600D2350B /* Products */;
			projectDirPath = "";
			projectRoot = "";
			targets = (
				7DF7597A28B4DBD600D2350B /* ChessStreamersSwiftUI */,
			);
		};
/* End PBXProject section */

/* Begin PBXResourcesBuildPhase section */
		7DF7597928B4DBD600D2350B /* Resources */ = {
			isa = PBXResourcesBuildPhase;
			buildActionMask = 2147483647;
			files = (
				7DF7598628B4DBD900D2350B /* Preview Assets.xcassets in Resources */,
				7DF7598328B4DBD900D2350B /* Assets.xcassets in Resources */,
			);
			runOnlyForDeploymentPostprocessing = 0;
		};
/* End PBXResourcesBuildPhase section */

/* Begin PBXSourcesBuildPhase section */
		7DF7597728B4DBD600D2350B /* Sources */ = {
			isa = PBXSourcesBuildPhase;
			buildActionMask = 2147483647;
			files = (
				7DF7599A28B4DDF100D2350B /* MainViewModel.swift in Sources */,
				7DF7599E28B4E9D000D2350B /* DetailView.swift in Sources */,
				7DF759A328C13F9900D2350B /* ChessStreamersSwiftUI.xcdatamodeld in Sources */,
				7DF7599828B4DD4800D2350B /* Properties.swift in Sources */,
				7DF7598128B4DBD600D2350B /* MainView.swift in Sources */,
				7DF759A528C1416900D2350B /* DataController.swift in Sources */,
				7DF7599328B4DCE300D2350B /* StreamersAPIService.swift in Sources */,
				7DF7597F28B4DBD600D2350B /* ChessStreamersSwiftUIApp.swift in Sources */,
				7DF7598E28B4DC5300D2350B /* GeneralError.swift in Sources */,
				7DF7599528B4DCFF00D2350B /* Streamer.swift in Sources */,
				7DF7599C28B4E4EE00D2350B /* Device.swift in Sources */,
			);
			runOnlyForDeploymentPostprocessing = 0;
		};
/* End PBXSourcesBuildPhase section */

/* Begin XCBuildConfiguration section */
		7DF7598728B4DBD900D2350B /* Debug */ = {
			isa = XCBuildConfiguration;
			buildSettings = {
				ALWAYS_SEARCH_USER_PATHS = NO;
				CLANG_ANALYZER_NONNULL = YES;
				CLANG_ANALYZER_NUMBER_OBJECT_CONVERSION = YES_AGGRESSIVE;
				CLANG_CXX_LANGUAGE_STANDARD = "gnu++17";
				CLANG_ENABLE_MODULES = YES;
				CLANG_ENABLE_OBJC_ARC = YES;
				CLANG_ENABLE_OBJC_WEAK = YES;
				CLANG_WARN_BLOCK_CAPTURE_AUTORELEASING = YES;
				CLANG_WARN_BOOL_CONVERSION = YES;
				CLANG_WARN_COMMA = YES;
				CLANG_WARN_CONSTANT_CONVERSION = YES;
				CLANG_WARN_DEPRECATED_OBJC_IMPLEMENTATIONS = YES;
				CLANG_WARN_DIRECT_OBJC_ISA_USAGE = YES_ERROR;
				CLANG_WARN_DOCUMENTATION_COMMENTS = YES;
				CLANG_WARN_EMPTY_BODY = YES;
				CLANG_WARN_ENUM_CONVERSION = YES;
				CLANG_WARN_INFINITE_RECURSION = YES;
				CLANG_WARN_INT_CONVERSION = YES;
				CLANG_WARN_NON_LITERAL_NULL_CONVERSION = YES;
				CLANG_WARN_OBJC_IMPLICIT_RETAIN_SELF = YES;
				CLANG_WARN_OBJC_LITERAL_CONVERSION = YES;
				CLANG_WARN_OBJC_ROOT_CLASS = YES_ERROR;
				CLANG_WARN_QUOTED_INCLUDE_IN_FRAMEWORK_HEADER = YES;
				CLANG_WARN_RANGE_LOOP_ANALYSIS = YES;
				CLANG_WARN_STRICT_PROTOTYPES = YES;
				CLANG_WARN_SUSPICIOUS_MOVE = YES;
				CLANG_WARN_UNGUARDED_AVAILABILITY = YES_AGGRESSIVE;
				CLANG_WARN_UNREACHABLE_CODE = YES;
				CLANG_WARN__DUPLICATE_METHOD_MATCH = YES;
				COPY_PHASE_STRIP = NO;
				DEBUG_INFORMATION_FORMAT = dwarf;
				ENABLE_STRICT_OBJC_MSGSEND = YES;
				ENABLE_TESTABILITY = YES;
				GCC_C_LANGUAGE_STANDARD = gnu11;
				GCC_DYNAMIC_NO_PIC = NO;
				GCC_NO_COMMON_BLOCKS = YES;
				GCC_OPTIMIZATION_LEVEL = 0;
				GCC_PREPROCESSOR_DEFINITIONS = (
					"DEBUG=1",
					"$(inherited)",
				);
				GCC_WARN_64_TO_32_BIT_CONVERSION = YES;
				GCC_WARN_ABOUT_RETURN_TYPE = YES_ERROR;
				GCC_WARN_UNDECLARED_SELECTOR = YES;
				GCC_WARN_UNINITIALIZED_AUTOS = YES_AGGRESSIVE;
				GCC_WARN_UNUSED_FUNCTION = YES;
				GCC_WARN_UNUSED_VARIABLE = YES;
				IPHONEOS_DEPLOYMENT_TARGET = 15.4;
				MTL_ENABLE_DEBUG_INFO = INCLUDE_SOURCE;
				MTL_FAST_MATH = YES;
				ONLY_ACTIVE_ARCH = YES;
				SDKROOT = iphoneos;
				SWIFT_ACTIVE_COMPILATION_CONDITIONS = DEBUG;
				SWIFT_OPTIMIZATION_LEVEL = "-Onone";
			};
			name = Debug;
		};
		7DF7598828B4DBD900D2350B /* Release */ = {
			isa = XCBuildConfiguration;
			buildSettings = {
				ALWAYS_SEARCH_USER_PATHS = NO;
				CLANG_ANALYZER_NONNULL = YES;
				CLANG_ANALYZER_NUMBER_OBJECT_CONVERSION = YES_AGGRESSIVE;
				CLANG_CXX_LANGUAGE_STANDARD = "gnu++17";
				CLANG_ENABLE_MODULES = YES;
				CLANG_ENABLE_OBJC_ARC = YES;
				CLANG_ENABLE_OBJC_WEAK = YES;
				CLANG_WARN_BLOCK_CAPTURE_AUTORELEASING = YES;
				CLANG_WARN_BOOL_CONVERSION = YES;
				CLANG_WARN_COMMA = YES;
				CLANG_WARN_CONSTANT_CONVERSION = YES;
				CLANG_WARN_DEPRECATED_OBJC_IMPLEMENTATIONS = YES;
				CLANG_WARN_DIRECT_OBJC_ISA_USAGE = YES_ERROR;
				CLANG_WARN_DOCUMENTATION_COMMENTS = YES;
				CLANG_WARN_EMPTY_BODY = YES;
				CLANG_WARN_ENUM_CONVERSION = YES;
				CLANG_WARN_INFINITE_RECURSION = YES;
				CLANG_WARN_INT_CONVERSION = YES;
				CLANG_WARN_NON_LITERAL_NULL_CONVERSION = YES;
				CLANG_WARN_OBJC_IMPLICIT_RETAIN_SELF = YES;
				CLANG_WARN_OBJC_LITERAL_CONVERSION = YES;
				CLANG_WARN_OBJC_ROOT_CLASS = YES_ERROR;
				CLANG_WARN_QUOTED_INCLUDE_IN_FRAMEWORK_HEADER = YES;
				CLANG_WARN_RANGE_LOOP_ANALYSIS = YES;
				CLANG_WARN_STRICT_PROTOTYPES = YES;
				CLANG_WARN_SUSPICIOUS_MOVE = YES;
				CLANG_WARN_UNGUARDED_AVAILABILITY = YES_AGGRESSIVE;
				CLANG_WARN_UNREACHABLE_CODE = YES;
				CLANG_WARN__DUPLICATE_METHOD_MATCH = YES;
				COPY_PHASE_STRIP = NO;
				DEBUG_INFORMATION_FORMAT = "dwarf-with-dsym";
				ENABLE_NS_ASSERTIONS = NO;
				ENABLE_STRICT_OBJC_MSGSEND = YES;
				GCC_C_LANGUAGE_STANDARD = gnu11;
				GCC_NO_COMMON_BLOCKS = YES;
				GCC_WARN_64_TO_32_BIT_CONVERSION = YES;
				GCC_WARN_ABOUT_RETURN_TYPE = YES_ERROR;
				GCC_WARN_UNDECLARED_SELECTOR = YES;
				GCC_WARN_UNINITIALIZED_AUTOS = YES_AGGRESSIVE;
				GCC_WARN_UNUSED_FUNCTION = YES;
				GCC_WARN_UNUSED_VARIABLE = YES;
				IPHONEOS_DEPLOYMENT_TARGET = 15.4;
				MTL_ENABLE_DEBUG_INFO = NO;
				MTL_FAST_MATH = YES;
				SDKROOT = iphoneos;
				SWIFT_COMPILATION_MODE = wholemodule;
				SWIFT_OPTIMIZATION_LEVEL = "-O";
				VALIDATE_PRODUCT = YES;
			};
			name = Release;
		};
		7DF7598A28B4DBD900D2350B /* Debug */ = {
			isa = XCBuildConfiguration;
			buildSettings = {
				ASSETCATALOG_COMPILER_APPICON_NAME = AppIcon;
				ASSETCATALOG_COMPILER_GLOBAL_ACCENT_COLOR_NAME = AccentColor;
				CODE_SIGN_STYLE = Automatic;
				CURRENT_PROJECT_VERSION = 1;
				DEVELOPMENT_ASSET_PATHS = "\"ChessStreamersSwiftUI/Preview Content\"";
				DEVELOPMENT_TEAM = 2974PUP27S;
				ENABLE_PREVIEWS = YES;
				GENERATE_INFOPLIST_FILE = YES;
				INFOPLIST_KEY_UIApplicationSceneManifest_Generation = YES;
				INFOPLIST_KEY_UIApplicationSupportsIndirectInputEvents = YES;
				INFOPLIST_KEY_UILaunchScreen_Generation = YES;
				INFOPLIST_KEY_UISupportedInterfaceOrientations_iPad = "UIInterfaceOrientationPortrait UIInterfaceOrientationPortraitUpsideDown UIInterfaceOrientationLandscapeLeft UIInterfaceOrientationLandscapeRight";
				INFOPLIST_KEY_UISupportedInterfaceOrientations_iPhone = "UIInterfaceOrientationPortrait UIInterfaceOrientationLandscapeLeft UIInterfaceOrientationLandscapeRight";
				LD_RUNPATH_SEARCH_PATHS = (
					"$(inherited)",
					"@executable_path/Frameworks",
				);
				MARKETING_VERSION = 1.0;
				PRODUCT_BUNDLE_IDENTIFIER = com.sebastianstrus.ChessStreamersSwiftUI;
				PRODUCT_NAME = "$(TARGET_NAME)";
				SWIFT_EMIT_LOC_STRINGS = YES;
				SWIFT_VERSION = 5.0;
				TARGETED_DEVICE_FAMILY = "1,2";
			};
			name = Debug;
		};
		7DF7598B28B4DBD900D2350B /* Release */ = {
			isa = XCBuildConfiguration;
			buildSettings = {
				ASSETCATALOG_COMPILER_APPICON_NAME = AppIcon;
				ASSETCATALOG_COMPILER_GLOBAL_ACCENT_COLOR_NAME = AccentColor;
				CODE_SIGN_STYLE = Automatic;
				CURRENT_PROJECT_VERSION = 1;
				DEVELOPMENT_ASSET_PATHS = "\"ChessStreamersSwiftUI/Preview Content\"";
				DEVELOPMENT_TEAM = 2974PUP27S;
				ENABLE_PREVIEWS = YES;
				GENERATE_INFOPLIST_FILE = YES;
				INFOPLIST_KEY_UIApplicationSceneManifest_Generation = YES;
				INFOPLIST_KEY_UIApplicationSupportsIndirectInputEvents = YES;
				INFOPLIST_KEY_UILaunchScreen_Generation = YES;
				INFOPLIST_KEY_UISupportedInterfaceOrientations_iPad = "UIInterfaceOrientationPortrait UIInterfaceOrientationPortraitUpsideDown UIInterfaceOrientationLandscapeLeft UIInterfaceOrientationLandscapeRight";
				INFOPLIST_KEY_UISupportedInterfaceOrientations_iPhone = "UIInterfaceOrientationPortrait UIInterfaceOrientationLandscapeLeft UIInterfaceOrientationLandscapeRight";
				LD_RUNPATH_SEARCH_PATHS = (
					"$(inherited)",
					"@executable_path/Frameworks",
				);
				MARKETING_VERSION = 1.0;
				PRODUCT_BUNDLE_IDENTIFIER = com.sebastianstrus.ChessStreamersSwiftUI;
				PRODUCT_NAME = "$(TARGET_NAME)";
				SWIFT_EMIT_LOC_STRINGS = YES;
				SWIFT_VERSION = 5.0;
				TARGETED_DEVICE_FAMILY = "1,2";
			};
			name = Release;
		};
/* End XCBuildConfiguration section */

/* Begin XCConfigurationList section */
		7DF7597628B4DBD600D2350B /* Build configuration list for PBXProject "ChessStreamersSwiftUI" */ = {
			isa = XCConfigurationList;
			buildConfigurations = (
				7DF7598728B4DBD900D2350B /* Debug */,
				7DF7598828B4DBD900D2350B /* Release */,
			);
			defaultConfigurationIsVisible = 0;
			defaultConfigurationName = Release;
		};
		7DF7598928B4DBD900D2350B /* Build configuration list for PBXNativeTarget "ChessStreamersSwiftUI" */ = {
			isa = XCConfigurationList;
			buildConfigurations = (
				7DF7598A28B4DBD900D2350B /* Debug */,
				7DF7598B28B4DBD900D2350B /* Release */,
			);
			defaultConfigurationIsVisible = 0;
			defaultConfigurationName = Release;
		};
/* End XCConfigurationList section */

/* Begin XCVersionGroup section */
		7DF759A128C13F9900D2350B /* ChessStreamersSwiftUI.xcdatamodeld */ = {
			isa = XCVersionGroup;
			children = (
				7DF759A228C13F9900D2350B /* Streamer.xcdatamodel */,
			);
			currentVersion = 7DF759A228C13F9900D2350B /* Streamer.xcdatamodel */;
			path = ChessStreamersSwiftUI.xcdatamodeld;
			sourceTree = "<group>";
			versionGroupType = wrapper.xcdatamodel;
		};
/* End XCVersionGroup section */
	};
	rootObject = 7DF7597328B4DBD600D2350B /* Project object */;
}
